
Microsoft Visual Studio Solution File, Format Version 12.00
# Visual Studio 15
VisualStudioVersion = 15.0.27428.2011
MinimumVisualStudioVersion = 10.0.40219.1
Project("{888888A0-9F3D-457C-B088-3A5042F75D52}") = "Rule34-API-Wrapper", "Rule34-API-Wrapper\Rule34-API-Wrapper.pyproj", "{BA7F8C0D-B032-4AA0-820C-3B5D5521E2EA}"
EndProject
Global
	GlobalSection(SolutionConfigurationPlatforms) = preSolution
		Debug|Any CPU = Debug|Any CPU
		Release|Any CPU = Release|Any CPU
	EndGlobalSection
	GlobalSection(ProjectConfigurationPlatforms) = postSolution
		{BA7F8C0D-B032-4AA0-820C-3B5D5521E2EA}.Debug|Any CPU.ActiveCfg = Debug|Any CPU
		{BA7F8C0D-B032-4AA0-820C-3B5D5521E2EA}.Release|Any CPU.ActiveCfg = Release|Any CPU
	EndGlobalSection
	GlobalSection(SolutionProperties) = preSolution
		HideSolutionNode = FALSE
	EndGlobalSection
	GlobalSection(ExtensibilityGlobals) = postSolution
		SolutionGuid = {4BE8057B-BCC9-4256-B084-63BB3BA95ABF}
	EndGlobalSection
EndGlobal
